// !$*UTF8*$!
{
	archiveVersion = 1;
	classes = {
	};
	objectVersion = 46;
	objects = {

/* Begin PBXBuildFile section */
		1988BF6819ACE21C00D5266B /* main.cpp in Sources */ = {isa = PBXBuildFile; fileRef = 1988BF6719ACE21C00D5266B /* main.cpp */; settings = {COMPILER_FLAGS = "-w"; }; };
		1988BF6A19ACE21C00D5266B /* RotatingCube.1 in CopyFiles */ = {isa = PBXBuildFile; fileRef = 1988BF6919ACE21C00D5266B /* RotatingCube.1 */; };
		1988BF7119ACE37800D5266B /* OpenGL.framework in Frameworks */ = {isa = PBXBuildFile; fileRef = 1988BF7019ACE37800D5266B /* OpenGL.framework */; };
		1988BF7319ACE37E00D5266B /* GLUT.framework in Frameworks */ = {isa = PBXBuildFile; fileRef = 1988BF7219ACE37E00D5266B /* GLUT.framework */; };
/* End PBXBuildFile section */

/* Begin PBXCopyFilesBuildPhase section */
		1988BF6219ACE21C00D5266B /* CopyFiles */ = {
			isa = PBXCopyFilesBuildPhase;
			buildActionMask = 2147483647;
			dstPath = /usr/share/man/man1/;
			dstSubfolderSpec = 0;
			files = (
				1988BF6A19ACE21C00D5266B /* RotatingCube.1 in CopyFiles */,
			);
			runOnlyForDeploymentPostprocessing = 1;
		};
/* End PBXCopyFilesBuildPhase section */

/* Begin PBXFileReference section */
		1988BF6419ACE21C00D5266B /* RotatingCube */ = {isa = PBXFileReference; explicitFileType = "compiled.mach-o.executable"; includeInIndex = 0; path = RotatingCube; sourceTree = BUILT_PRODUCTS_DIR; };
		1988BF6719ACE21C00D5266B /* main.cpp */ = {isa = PBXFileReference; lastKnownFileType = sourcecode.cpp.cpp; path = main.cpp; sourceTree = "<group>"; };
		1988BF6919ACE21C00D5266B /* RotatingCube.1 */ = {isa = PBXFileReference; lastKnownFileType = text.man; path = RotatingCube.1; sourceTree = "<group>"; };
		1988BF7019ACE37800D5266B /* OpenGL.framework */ = {isa = PBXFileReference; lastKnownFileType = wrapper.framework; name = OpenGL.framework; path = System/Library/Frameworks/OpenGL.framework; sourceTree = SDKROOT; };
		1988BF7219ACE37E00D5266B /* GLUT.framework */ = {isa = PBXFileReference; lastKnownFileType = wrapper.framework; name = GLUT.framework; path = System/Library/Frameworks/GLUT.framework; sourceTree = SDKROOT; };
/* End PBXFileReference section */

/* Begin PBXFrameworksBuildPhase section */
		1988BF6119ACE21C00D5266B /* Frameworks */ = {
			isa = PBXFrameworksBuildPhase;
			buildActionMask = 2147483647;
			files = (
				1988BF7319ACE37E00D5266B /* GLUT.framework in Frameworks */,
				1988BF7119ACE37800D5266B /* OpenGL.framework in Frameworks */,
			);
			runOnlyForDeploymentPostprocessing = 0;
		};
/* End PBXFrameworksBuildPhase section */

/* Begin PBXGroup section */
		1988BF5B19ACE21C00D5266B = {
			isa = PBXGroup;
			children = (
				1988BF7219ACE37E00D5266B /* GLUT.framework */,
				1988BF7019ACE37800D5266B /* OpenGL.framework */,
				1988BF6619ACE21C00D5266B /* RotatingCube */,
				1988BF6519ACE21C00D5266B /* Products */,
			);
			sourceTree = "<group>";
		};
		1988BF6519ACE21C00D5266B /* Products */ = {
			isa = PBXGroup;
			children = (
				1988BF6419ACE21C00D5266B /* RotatingCube */,
			);
			name = Products;
			sourceTree = "<group>";
		};
		1988BF6619ACE21C00D5266B /* RotatingCube */ = {
			isa = PBXGroup;
			children = (
				1988BF6719ACE21C00D5266B /* main.cpp */,
				1988BF6919ACE21C00D5266B /* RotatingCube.1 */,
			);
			path = RotatingCube;
			sourceTree = "<group>";
		};
/* End PBXGroup section */

/* Begin PBXNativeTarget section */
		1988BF6319ACE21C00D5266B /* RotatingCube */ = {
			isa = PBXNativeTarget;
			buildConfigurationList = 1988BF6D19ACE21C00D5266B /* Build configuration list for PBXNativeTarget "RotatingCube" */;
			buildPhases = (
				1988BF6019ACE21C00D5266B /* Sources */,
				1988BF6119ACE21C00D5266B /* Frameworks */,
				1988BF6219ACE21C00D5266B /* CopyFiles */,
			);
			buildRules = (
			);
			dependencies = (
			);
			name = RotatingCube;
			productName = RotatingCube;
			productReference = 1988BF6419ACE21C00D5266B /* RotatingCube */;
			productType = "com.apple.product-type.tool";
		};
/* End PBXNativeTarget section */

/* Begin PBXProject section */
		1988BF5C19ACE21C00D5266B /* Project object */ = {
			isa = PBXProject;
			attributes = {
				LastUpgradeCheck = 1030;
				ORGANIZATIONNAME = "Davidson College";
			};
			buildConfigurationList = 1988BF5F19ACE21C00D5266B /* Build configuration list for PBXProject "RotatingCube" */;
			compatibilityVersion = "Xcode 3.2";
			developmentRegion = English;
			hasScannedForEncodings = 0;
			knownRegions = (
				English,
				en,
			);
			mainGroup = 1988BF5B19ACE21C00D5266B;
			productRefGroup = 1988BF6519ACE21C00D5266B /* Products */;
			projectDirPath = "";
			projectRoot = "";
			targets = (
				1988BF6319ACE21C00D5266B /* RotatingCube */,
			);
		};
/* End PBXProject section */

/* Begin PBXSourcesBuildPhase section */
		1988BF6019ACE21C00D5266B /* Sources */ = {
			isa = PBXSourcesBuildPhase;
			buildActionMask = 2147483647;
			files = (
				1988BF6819ACE21C00D5266B /* main.cpp in Sources */,
			);
			runOnlyForDeploymentPostprocessing = 0;
		};
/* End PBXSourcesBuildPhase section */

/* Begin XCBuildConfiguration section */
		1988BF6B19ACE21C00D5266B /* Debug */ = {
			isa = XCBuildConfiguration;
			buildSettings = {
				ALWAYS_SEARCH_USER_PATHS = NO;
				CLANG_ANALYZER_LOCALIZABILITY_NONLOCALIZED = YES;
				CLANG_CXX_LANGUAGE_STANDARD = "gnu++0x";
				CLANG_CXX_LIBRARY = "libc++";
				CLANG_ENABLE_MODULES = YES;
				CLANG_ENABLE_OBJC_ARC = YES;
				CLANG_WARN_BLOCK_CAPTURE_AUTORELEASING = YES;
				CLANG_WARN_BOOL_CONVERSION = YES;
				CLANG_WARN_COMMA = YES;
				CLANG_WARN_CONSTANT_CONVERSION = YES;
				CLANG_WARN_DEPRECATED_OBJC_IMPLEMENTATIONS = YES;
				CLANG_WARN_DIRECT_OBJC_ISA_USAGE = YES_ERROR;
				CLANG_WARN_EMPTY_BODY = YES;
				CLANG_WARN_ENUM_CONVERSION = YES;
				CLANG_WARN_INFINITE_RECURSION = YES;
				CLANG_WARN_INT_CONVERSION = YES;
				CLANG_WARN_NON_LITERAL_NULL_CONVERSION = YES;
				CLANG_WARN_OBJC_IMPLICIT_RETAIN_SELF = YES;
				CLANG_WARN_OBJC_LITERAL_CONVERSION = YES;
				CLANG_WARN_OBJC_ROOT_CLASS = YES_ERROR;
				CLANG_WARN_RANGE_LOOP_ANALYSIS = YES;
				CLANG_WARN_STRICT_PROTOTYPES = YES;
				CLANG_WARN_SUSPICIOUS_MOVE = YES;
				CLANG_WARN_UNREACHABLE_CODE = YES;
				CLANG_WARN__DUPLICATE_METHOD_MATCH = YES;
				COPY_PHASE_STRIP = NO;
				ENABLE_STRICT_OBJC_MSGSEND = YES;
				ENABLE_TESTABILITY = YES;
				GCC_C_LANGUAGE_STANDARD = gnu99;
				GCC_DYNAMIC_NO_PIC = NO;
				GCC_ENABLE_OBJC_EXCEPTIONS = YES;
				GCC_NO_COMMON_BLOCKS = YES;
				GCC_OPTIMIZATION_LEVEL = 0;
				GCC_PREPROCESSOR_DEFINITIONS = (
					"DEBUG=1",
					"$(inherited)",
				);
				GCC_SYMBOLS_PRIVATE_EXTERN = NO;
				GCC_WARN_64_TO_32_BIT_CONVERSION = YES;
				GCC_WARN_ABOUT_RETURN_TYPE = YES_ERROR;
				GCC_WARN_UNDECLARED_SELECTOR = YES;
				GCC_WARN_UNINITIALIZED_AUTOS = YES_AGGRESSIVE;
				GCC_WARN_UNUSED_FUNCTION = YES;
				GCC_WARN_UNUSED_VARIABLE = YES;
				MACOSX_DEPLOYMENT_TARGET = 10.9;
				ONLY_ACTIVE_ARCH = YES;
				SDKROOT = macosx;
			};
			name = Debug;
		};
		1988BF6C19ACE21C00D5266B /* Release */ = {
			isa = XCBuildConfiguration;
			buildSettings = {
				ALWAYS_SEARCH_USER_PATHS = NO;
				CLANG_ANALYZER_LOCALIZABILITY_NONLOCALIZED = YES;
				CLANG_CXX_LANGUAGE_STANDARD = "gnu++0x";
				CLANG_CXX_LIBRARY = "libc++";
				CLANG_ENABLE_MODULES = YES;
				CLANG_ENABLE_OBJC_ARC = YES;
				CLANG_WARN_BLOCK_CAPTURE_AUTORELEASING = YES;
				CLANG_WARN_BOOL_CONVERSION = YES;
				CLANG_WARN_COMMA = YES;
				CLANG_WARN_CONSTANT_CONVERSION = YES;
				CLANG_WARN_DEPRECATED_OBJC_IMPLEMENTATIONS = YES;
				CLANG_WARN_DIRECT_OBJC_ISA_USAGE = YES_ERROR;
				CLANG_WARN_EMPTY_BODY = YES;
				CLANG_WARN_ENUM_CONVERSION = YES;
				CLANG_WARN_INFINITE_RECURSION = YES;
				CLANG_WARN_INT_CONVERSION = YES;
				CLANG_WARN_NON_LITERAL_NULL_CONVERSION = YES;
				CLANG_WARN_OBJC_IMPLICIT_RETAIN_SELF = YES;
				CLANG_WARN_OBJC_LITERAL_CONVERSION = YES;
				CLANG_WARN_OBJC_ROOT_CLASS = YES_ERROR;
				CLANG_WARN_RANGE_LOOP_ANALYSIS = YES;
				CLANG_WARN_STRICT_PROTOTYPES = YES;
				CLANG_WARN_SUSPICIOUS_MOVE = YES;
				CLANG_WARN_UNREACHABLE_CODE = YES;
				CLANG_WARN__DUPLICATE_METHOD_MATCH = YES;
				COPY_PHASE_STRIP = YES;
				DEBUG_INFORMATION_FORMAT = "dwarf-with-dsym";
				ENABLE_NS_ASSERTIONS = NO;
				ENABLE_STRICT_OBJC_MSGSEND = YES;
				GCC_C_LANGUAGE_STANDARD = gnu99;
				GCC_ENABLE_OBJC_EXCEPTIONS = YES;
				GCC_NO_COMMON_BLOCKS = YES;
				GCC_WARN_64_TO_32_BIT_CONVERSION = YES;
				GCC_WARN_ABOUT_RETURN_TYPE = YES_ERROR;
				GCC_WARN_UNDECLARED_SELECTOR = YES;
				GCC_WARN_UNINITIALIZED_AUTOS = YES_AGGRESSIVE;
				GCC_WARN_UNUSED_FUNCTION = YES;
				GCC_WARN_UNUSED_VARIABLE = YES;
				MACOSX_DEPLOYMENT_TARGET = 10.9;
				SDKROOT = macosx;
			};
			name = Release;
		};
		1988BF6E19ACE21C00D5266B /* Debug */ = {
			isa = XCBuildConfiguration;
			buildSettings = {
				PRODUCT_NAME = "$(TARGET_NAME)";
			};
			name = Debug;
		};
		1988BF6F19ACE21C00D5266B /* Release */ = {
			isa = XCBuildConfiguration;
			buildSettings = {
				PRODUCT_NAME = "$(TARGET_NAME)";
			};
			name = Release;
		};
/* End XCBuildConfiguration section */

/* Begin XCConfigurationList section */
		1988BF5F19ACE21C00D5266B /* Build configuration list for PBXProject "RotatingCube" */ = {
			isa = XCConfigurationList;
			buildConfigurations = (
				1988BF6B19ACE21C00D5266B /* Debug */,
				1988BF6C19ACE21C00D5266B /* Release */,
			);
			defaultConfigurationIsVisible = 0;
			defaultConfigurationName = Release;
		};
		1988BF6D19ACE21C00D5266B /* Build configuration list for PBXNativeTarget "RotatingCube" */ = {
			isa = XCConfigurationList;
			buildConfigurations = (
				1988BF6E19ACE21C00D5266B /* Debug */,
				1988BF6F19ACE21C00D5266B /* Release */,
			);
			defaultConfigurationIsVisible = 0;
			defaultConfigurationName = Release;
		};
/* End XCConfigurationList section */
	};
	rootObject = 1988BF5C19ACE21C00D5266B /* Project object */;
}
